
Microsoft Visual Studio Solution File, Format Version 12.00
# Visual Studio Version 16
VisualStudioVersion = 16.0.30204.135
MinimumVisualStudioVersion = 10.0.40219.1
Project("{FAE04EC0-301F-11D3-BF4B-00C04F79EFBC}") = "WpfApp3", "WpfApp3\WpfApp3.csproj", "{9DFE611E-6126-4967-84BF-5574A6C2FFFF}"
EndProject
Project("{FAE04EC0-301F-11D3-BF4B-00C04F79EFBC}") = "WPFStyles", "WpfApp1\WPFStyles.csproj", "{D8EE59C4-9B14-4A43-ADBA-9F548B0AE3E9}"
EndProject
Project("{FAE04EC0-301F-11D3-BF4B-00C04F79EFBC}") = "WpfControlTemplate", "WpfControlTemplate\WpfControlTemplate.csproj", "{3081F340-C9AE-43CE-AB78-CE7E33E1DC21}"
EndProject
Project("{FAE04EC0-301F-11D3-BF4B-00C04F79EFBC}") = "WpfDataTemplate", "WpfDataTemplate\WpfDataTemplate.csproj", "{BDCE44C6-270E-47D3-81F8-624928C9BEF1}"
EndProject
Project("{FAE04EC0-301F-11D3-BF4B-00C04F79EFBC}") = "WpfTriggers", "WpfTriggers\WpfTriggers.csproj", "{CD880D73-CC23-4F02-95FF-0DB0CEBC3BF3}"
EndProject
Global
	GlobalSection(SolutionConfigurationPlatforms) = preSolution
		Debug|Any CPU = Debug|Any CPU
		Release|Any CPU = Release|Any CPU
	EndGlobalSection
	GlobalSection(ProjectConfigurationPlatforms) = postSolution
		{9DFE611E-6126-4967-84BF-5574A6C2FFFF}.Debug|Any CPU.ActiveCfg = Debug|Any CPU
		{9DFE611E-6126-4967-84BF-5574A6C2FFFF}.Debug|Any CPU.Build.0 = Debug|Any CPU
		{9DFE611E-6126-4967-84BF-5574A6C2FFFF}.Release|Any CPU.ActiveCfg = Release|Any CPU
		{9DFE611E-6126-4967-84BF-5574A6C2FFFF}.Release|Any CPU.Build.0 = Release|Any CPU
		{D8EE59C4-9B14-4A43-ADBA-9F548B0AE3E9}.Debug|Any CPU.ActiveCfg = Debug|Any CPU
		{D8EE59C4-9B14-4A43-ADBA-9F548B0AE3E9}.Debug|Any CPU.Build.0 = Debug|Any CPU
		{D8EE59C4-9B14-4A43-ADBA-9F548B0AE3E9}.Release|Any CPU.ActiveCfg = Release|Any CPU
		{D8EE59C4-9B14-4A43-ADBA-9F548B0AE3E9}.Release|Any CPU.Build.0 = Release|Any CPU
		{3081F340-C9AE-43CE-AB78-CE7E33E1DC21}.Debug|Any CPU.ActiveCfg = Debug|Any CPU
		{3081F340-C9AE-43CE-AB78-CE7E33E1DC21}.Debug|Any CPU.Build.0 = Debug|Any CPU
		{3081F340-C9AE-43CE-AB78-CE7E33E1DC21}.Release|Any CPU.ActiveCfg = Release|Any CPU
		{3081F340-C9AE-43CE-AB78-CE7E33E1DC21}.Release|Any CPU.Build.0 = Release|Any CPU
		{BDCE44C6-270E-47D3-81F8-624928C9BEF1}.Debug|Any CPU.ActiveCfg = Debug|Any CPU
		{BDCE44C6-270E-47D3-81F8-624928C9BEF1}.Debug|Any CPU.Build.0 = Debug|Any CPU
		{BDCE44C6-270E-47D3-81F8-624928C9BEF1}.Release|Any CPU.ActiveCfg = Release|Any CPU
		{BDCE44C6-270E-47D3-81F8-624928C9BEF1}.Release|Any CPU.Build.0 = Release|Any CPU
		{CD880D73-CC23-4F02-95FF-0DB0CEBC3BF3}.Debug|Any CPU.ActiveCfg = Debug|Any CPU
		{CD880D73-CC23-4F02-95FF-0DB0CEBC3BF3}.Debug|Any CPU.Build.0 = Debug|Any CPU
		{CD880D73-CC23-4F02-95FF-0DB0CEBC3BF3}.Release|Any CPU.ActiveCfg = Release|Any CPU
		{CD880D73-CC23-4F02-95FF-0DB0CEBC3BF3}.Release|Any CPU.Build.0 = Release|Any CPU
	EndGlobalSection
	GlobalSection(SolutionProperties) = preSolution
		HideSolutionNode = FALSE
	EndGlobalSection
	GlobalSection(ExtensibilityGlobals) = postSolution
		SolutionGuid = {73CE677D-8544-43B3-8928-6658BE156EE4}
	EndGlobalSection
EndGlobal
